// !$*UTF8*$!
{
	archiveVersion = 1;
	classes = {
	};
	objectVersion = 50;
	objects = {

/* Begin PBXBuildFile section */
		9A26F63720F8F9B200610D76 /* AppDelegate.swift in Sources */ = {isa = PBXBuildFile; fileRef = 9A26F63620F8F9B200610D76 /* AppDelegate.swift */; };
		9A26F63C20F8F9B200610D76 /* Main.storyboard in Resources */ = {isa = PBXBuildFile; fileRef = 9A26F63A20F8F9B200610D76 /* Main.storyboard */; };
		9A26F63E20F8F9B300610D76 /* Assets.xcassets in Resources */ = {isa = PBXBuildFile; fileRef = 9A26F63D20F8F9B300610D76 /* Assets.xcassets */; };
		9A26F64120F8F9B300610D76 /* LaunchScreen.storyboard in Resources */ = {isa = PBXBuildFile; fileRef = 9A26F63F20F8F9B300610D76 /* LaunchScreen.storyboard */; };
/* End PBXBuildFile section */

/* Begin PBXFileReference section */
		9A26F63320F8F9B200610D76 /* ayBetMVP.app */ = {isa = PBXFileReference; explicitFileType = wrapper.application; includeInIndex = 0; path = ayBetMVP.app; sourceTree = BUILT_PRODUCTS_DIR; };
		9A26F63620F8F9B200610D76 /* AppDelegate.swift */ = {isa = PBXFileReference; lastKnownFileType = sourcecode.swift; path = AppDelegate.swift; sourceTree = "<group>"; };
		9A26F63B20F8F9B200610D76 /* Base */ = {isa = PBXFileReference; lastKnownFileType = file.storyboard; name = Base; path = Base.lproj/Main.storyboard; sourceTree = "<group>"; };
		9A26F63D20F8F9B300610D76 /* Assets.xcassets */ = {isa = PBXFileReference; lastKnownFileType = folder.assetcatalog; path = Assets.xcassets; sourceTree = "<group>"; };
		9A26F64020F8F9B300610D76 /* Base */ = {isa = PBXFileReference; lastKnownFileType = file.storyboard; name = Base; path = Base.lproj/LaunchScreen.storyboard; sourceTree = "<group>"; };
		9A26F64220F8F9B300610D76 /* Info.plist */ = {isa = PBXFileReference; lastKnownFileType = text.plist.xml; path = Info.plist; sourceTree = "<group>"; };
/* End PBXFileReference section */

/* Begin PBXFrameworksBuildPhase section */
		9A26F63020F8F9B200610D76 /* Frameworks */ = {
			isa = PBXFrameworksBuildPhase;
			buildActionMask = 2147483647;
			files = (
			);
			runOnlyForDeploymentPostprocessing = 0;
		};
/* End PBXFrameworksBuildPhase section */

/* Begin PBXGroup section */
		9A26F62A20F8F9B200610D76 = {
			isa = PBXGroup;
			children = (
				9A26F63520F8F9B200610D76 /* ayBetMVP */,
				9A26F63420F8F9B200610D76 /* Products */,
			);
			sourceTree = "<group>";
		};
		9A26F63420F8F9B200610D76 /* Products */ = {
			isa = PBXGroup;
			children = (
				9A26F63320F8F9B200610D76 /* ayBetMVP.app */,
			);
			name = Products;
			sourceTree = "<group>";
		};
		9A26F63520F8F9B200610D76 /* ayBetMVP */ = {
			isa = PBXGroup;
			children = (
				9A26F68420F8FAA500610D76 /* View */,
				9A26F68520F8FAAA00610D76 /* Presenter */,
				9A26F68620F8FAB500610D76 /* Model */,
				9A26F63620F8F9B200610D76 /* AppDelegate.swift */,
				9A26F63D20F8F9B300610D76 /* Assets.xcassets */,
				9A26F63F20F8F9B300610D76 /* LaunchScreen.storyboard */,
				9A26F64220F8F9B300610D76 /* Info.plist */,
			);
			path = ayBetMVP;
			sourceTree = "<group>";
		};
		9A26F68420F8FAA500610D76 /* View */ = {
			isa = PBXGroup;
			children = (
				9A26F68820F8FB0C00610D76 /* GeneralClasses */,
				9A26F68720F8FAC300610D76 /* Storyboards */,
			);
			path = View;
			sourceTree = "<group>";
		};
		9A26F68520F8FAAA00610D76 /* Presenter */ = {
			isa = PBXGroup;
			children = (
			);
			path = Presenter;
			sourceTree = "<group>";
		};
		9A26F68620F8FAB500610D76 /* Model */ = {
			isa = PBXGroup;
			children = (
			);
			path = Model;
			sourceTree = "<group>";
		};
		9A26F68720F8FAC300610D76 /* Storyboards */ = {
			isa = PBXGroup;
			children = (
				9A26F63A20F8F9B200610D76 /* Main.storyboard */,
			);
			path = Storyboards;
			sourceTree = "<group>";
		};
		9A26F68820F8FB0C00610D76 /* GeneralClasses */ = {
			isa = PBXGroup;
			children = (
			);
			path = GeneralClasses;
			sourceTree = "<group>";
		};
/* End PBXGroup section */

/* Begin PBXNativeTarget section */
		9A26F63220F8F9B200610D76 /* ayBetMVP */ = {
			isa = PBXNativeTarget;
			buildConfigurationList = 9A26F64520F8F9B300610D76 /* Build configuration list for PBXNativeTarget "ayBetMVP" */;
			buildPhases = (
				9A26F62F20F8F9B200610D76 /* Sources */,
				9A26F63020F8F9B200610D76 /* Frameworks */,
				9A26F63120F8F9B200610D76 /* Resources */,
			);
			buildRules = (
			);
			dependencies = (
			);
			name = ayBetMVP;
			productName = ayBetMVP;
			productReference = 9A26F63320F8F9B200610D76 /* ayBetMVP.app */;
			productType = "com.apple.product-type.application";
		};
/* End PBXNativeTarget section */

/* Begin PBXProject section */
		9A26F62B20F8F9B200610D76 /* Project object */ = {
			isa = PBXProject;
			attributes = {
				LastSwiftUpdateCheck = 0930;
				LastUpgradeCheck = 0930;
				ORGANIZATIONNAME = everis;
				TargetAttributes = {
					9A26F63220F8F9B200610D76 = {
						CreatedOnToolsVersion = 9.3;
					};
				};
			};
			buildConfigurationList = 9A26F62E20F8F9B200610D76 /* Build configuration list for PBXProject "ayBetMVP" */;
			compatibilityVersion = "Xcode 9.3";
			developmentRegion = en;
			hasScannedForEncodings = 0;
			knownRegions = (
				en,
				Base,
			);
			mainGroup = 9A26F62A20F8F9B200610D76;
			productRefGroup = 9A26F63420F8F9B200610D76 /* Products */;
			projectDirPath = "";
			projectRoot = "";
			targets = (
				9A26F63220F8F9B200610D76 /* ayBetMVP */,
			);
		};
/* End PBXProject section */

/* Begin PBXResourcesBuildPhase section */
		9A26F63120F8F9B200610D76 /* Resources */ = {
			isa = PBXResourcesBuildPhase;
			buildActionMask = 2147483647;
			files = (
				9A26F64120F8F9B300610D76 /* LaunchScreen.storyboard in Resources */,
				9A26F63E20F8F9B300610D76 /* Assets.xcassets in Resources */,
				9A26F63C20F8F9B200610D76 /* Main.storyboard in Resources */,
			);
			runOnlyForDeploymentPostprocessing = 0;
		};
/* End PBXResourcesBuildPhase section */

/* Begin PBXSourcesBuildPhase section */
		9A26F62F20F8F9B200610D76 /* Sources */ = {
			isa = PBXSourcesBuildPhase;
			buildActionMask = 2147483647;
			files = (
				9A26F63720F8F9B200610D76 /* AppDelegate.swift in Sources */,
			);
			runOnlyForDeploymentPostprocessing = 0;
		};
/* End PBXSourcesBuildPhase section */

/* Begin PBXVariantGroup section */
		9A26F63A20F8F9B200610D76 /* Main.storyboard */ = {
			isa = PBXVariantGroup;
			children = (
				9A26F63B20F8F9B200610D76 /* Base */,
			);
			name = Main.storyboard;
			sourceTree = "<group>";
		};
		9A26F63F20F8F9B300610D76 /* LaunchScreen.storyboard */ = {
			isa = PBXVariantGroup;
			children = (
				9A26F64020F8F9B300610D76 /* Base */,
			);
			name = LaunchScreen.storyboard;
			sourceTree = "<group>";
		};
/* End PBXVariantGroup section */

/* Begin XCBuildConfiguration section */
		9A26F64320F8F9B300610D76 /* Debug */ = {
			isa = XCBuildConfiguration;
			buildSettings = {
				ALWAYS_SEARCH_USER_PATHS = NO;
				CLANG_ANALYZER_NONNULL = YES;
				CLANG_ANALYZER_NUMBER_OBJECT_CONVERSION = YES_AGGRESSIVE;
				CLANG_CXX_LANGUAGE_STANDARD = "gnu++14";
				CLANG_CXX_LIBRARY = "libc++";
				CLANG_ENABLE_MODULES = YES;
				CLANG_ENABLE_OBJC_ARC = YES;
				CLANG_ENABLE_OBJC_WEAK = YES;
				CLANG_WARN_BLOCK_CAPTURE_AUTORELEASING = YES;
				CLANG_WARN_BOOL_CONVERSION = YES;
				CLANG_WARN_COMMA = YES;
				CLANG_WARN_CONSTANT_CONVERSION = YES;
				CLANG_WARN_DEPRECATED_OBJC_IMPLEMENTATIONS = YES;
				CLANG_WARN_DIRECT_OBJC_ISA_USAGE = YES_ERROR;
				CLANG_WARN_DOCUMENTATION_COMMENTS = YES;
				CLANG_WARN_EMPTY_BODY = YES;
				CLANG_WARN_ENUM_CONVERSION = YES;
				CLANG_WARN_INFINITE_RECURSION = YES;
				CLANG_WARN_INT_CONVERSION = YES;
				CLANG_WARN_NON_LITERAL_NULL_CONVERSION = YES;
				CLANG_WARN_OBJC_IMPLICIT_RETAIN_SELF = YES;
				CLANG_WARN_OBJC_LITERAL_CONVERSION = YES;
				CLANG_WARN_OBJC_ROOT_CLASS = YES_ERROR;
				CLANG_WARN_RANGE_LOOP_ANALYSIS = YES;
				CLANG_WARN_STRICT_PROTOTYPES = YES;
				CLANG_WARN_SUSPICIOUS_MOVE = YES;
				CLANG_WARN_UNGUARDED_AVAILABILITY = YES_AGGRESSIVE;
				CLANG_WARN_UNREACHABLE_CODE = YES;
				CLANG_WARN__DUPLICATE_METHOD_MATCH = YES;
				CODE_SIGN_IDENTITY = "iPhone Developer";
				COPY_PHASE_STRIP = NO;
				DEBUG_INFORMATION_FORMAT = dwarf;
				ENABLE_STRICT_OBJC_MSGSEND = YES;
				ENABLE_TESTABILITY = YES;
				GCC_C_LANGUAGE_STANDARD = gnu11;
				GCC_DYNAMIC_NO_PIC = NO;
				GCC_NO_COMMON_BLOCKS = YES;
				GCC_OPTIMIZATION_LEVEL = 0;
				GCC_PREPROCESSOR_DEFINITIONS = (
					"DEBUG=1",
					"$(inherited)",
				);
				GCC_WARN_64_TO_32_BIT_CONVERSION = YES;
				GCC_WARN_ABOUT_RETURN_TYPE = YES_ERROR;
				GCC_WARN_UNDECLARED_SELECTOR = YES;
				GCC_WARN_UNINITIALIZED_AUTOS = YES_AGGRESSIVE;
				GCC_WARN_UNUSED_FUNCTION = YES;
				GCC_WARN_UNUSED_VARIABLE = YES;
				IPHONEOS_DEPLOYMENT_TARGET = 11.3;
				MTL_ENABLE_DEBUG_INFO = YES;
				ONLY_ACTIVE_ARCH = YES;
				SDKROOT = iphoneos;
				SWIFT_ACTIVE_COMPILATION_CONDITIONS = DEBUG;
				SWIFT_OPTIMIZATION_LEVEL = "-Onone";
			};
			name = Debug;
		};
		9A26F64420F8F9B300610D76 /* Release */ = {
			isa = XCBuildConfiguration;
			buildSettings = {
				ALWAYS_SEARCH_USER_PATHS = NO;
				CLANG_ANALYZER_NONNULL = YES;
				CLANG_ANALYZER_NUMBER_OBJECT_CONVERSION = YES_AGGRESSIVE;
				CLANG_CXX_LANGUAGE_STANDARD = "gnu++14";
				CLANG_CXX_LIBRARY = "libc++";
				CLANG_ENABLE_MODULES = YES;
				CLANG_ENABLE_OBJC_ARC = YES;
				CLANG_ENABLE_OBJC_WEAK = YES;
				CLANG_WARN_BLOCK_CAPTURE_AUTORELEASING = YES;
				CLANG_WARN_BOOL_CONVERSION = YES;
				CLANG_WARN_COMMA = YES;
				CLANG_WARN_CONSTANT_CONVERSION = YES;
				CLANG_WARN_DEPRECATED_OBJC_IMPLEMENTATIONS = YES;
				CLANG_WARN_DIRECT_OBJC_ISA_USAGE = YES_ERROR;
				CLANG_WARN_DOCUMENTATION_COMMENTS = YES;
				CLANG_WARN_EMPTY_BODY = YES;
				CLANG_WARN_ENUM_CONVERSION = YES;
				CLANG_WARN_INFINITE_RECURSION = YES;
				CLANG_WARN_INT_CONVERSION = YES;
				CLANG_WARN_NON_LITERAL_NULL_CONVERSION = YES;
				CLANG_WARN_OBJC_IMPLICIT_RETAIN_SELF = YES;
				CLANG_WARN_OBJC_LITERAL_CONVERSION = YES;
				CLANG_WARN_OBJC_ROOT_CLASS = YES_ERROR;
				CLANG_WARN_RANGE_LOOP_ANALYSIS = YES;
				CLANG_WARN_STRICT_PROTOTYPES = YES;
				CLANG_WARN_SUSPICIOUS_MOVE = YES;
				CLANG_WARN_UNGUARDED_AVAILABILITY = YES_AGGRESSIVE;
				CLANG_WARN_UNREACHABLE_CODE = YES;
				CLANG_WARN__DUPLICATE_METHOD_MATCH = YES;
				CODE_SIGN_IDENTITY = "iPhone Developer";
				COPY_PHASE_STRIP = NO;
				DEBUG_INFORMATION_FORMAT = "dwarf-with-dsym";
				ENABLE_NS_ASSERTIONS = NO;
				ENABLE_STRICT_OBJC_MSGSEND = YES;
				GCC_C_LANGUAGE_STANDARD = gnu11;
				GCC_NO_COMMON_BLOCKS = YES;
				GCC_WARN_64_TO_32_BIT_CONVERSION = YES;
				GCC_WARN_ABOUT_RETURN_TYPE = YES_ERROR;
				GCC_WARN_UNDECLARED_SELECTOR = YES;
				GCC_WARN_UNINITIALIZED_AUTOS = YES_AGGRESSIVE;
				GCC_WARN_UNUSED_FUNCTION = YES;
				GCC_WARN_UNUSED_VARIABLE = YES;
				IPHONEOS_DEPLOYMENT_TARGET = 11.3;
				MTL_ENABLE_DEBUG_INFO = NO;
				SDKROOT = iphoneos;
				SWIFT_COMPILATION_MODE = wholemodule;
				SWIFT_OPTIMIZATION_LEVEL = "-O";
				VALIDATE_PRODUCT = YES;
			};
			name = Release;
		};
		9A26F64620F8F9B300610D76 /* Debug */ = {
			isa = XCBuildConfiguration;
			buildSettings = {
				ASSETCATALOG_COMPILER_APPICON_NAME = AppIcon;
				CODE_SIGN_STYLE = Automatic;
				INFOPLIST_FILE = ayBetMVP/Info.plist;
				LD_RUNPATH_SEARCH_PATHS = (
					"$(inherited)",
					"@executable_path/Frameworks",
				);
				PRODUCT_BUNDLE_IDENTIFIER = com.everis.ieeeTalk.demo.ayBetMVP;
				PRODUCT_NAME = "$(TARGET_NAME)";
				SWIFT_VERSION = 4.0;
				TARGETED_DEVICE_FAMILY = "1,2";
			};
			name = Debug;
		};
		9A26F64720F8F9B300610D76 /* Release */ = {
			isa = XCBuildConfiguration;
			buildSettings = {
				ASSETCATALOG_COMPILER_APPICON_NAME = AppIcon;
				CODE_SIGN_STYLE = Automatic;
				INFOPLIST_FILE = ayBetMVP/Info.plist;
				LD_RUNPATH_SEARCH_PATHS = (
					"$(inherited)",
					"@executable_path/Frameworks",
				);
				PRODUCT_BUNDLE_IDENTIFIER = com.everis.ieeeTalk.demo.ayBetMVP;
				PRODUCT_NAME = "$(TARGET_NAME)";
				SWIFT_VERSION = 4.0;
				TARGETED_DEVICE_FAMILY = "1,2";
			};
			name = Release;
		};
/* End XCBuildConfiguration section */

/* Begin XCConfigurationList section */
		9A26F62E20F8F9B200610D76 /* Build configuration list for PBXProject "ayBetMVP" */ = {
			isa = XCConfigurationList;
			buildConfigurations = (
				9A26F64320F8F9B300610D76 /* Debug */,
				9A26F64420F8F9B300610D76 /* Release */,
			);
			defaultConfigurationIsVisible = 0;
			defaultConfigurationName = Release;
		};
		9A26F64520F8F9B300610D76 /* Build configuration list for PBXNativeTarget "ayBetMVP" */ = {
			isa = XCConfigurationList;
			buildConfigurations = (
				9A26F64620F8F9B300610D76 /* Debug */,
				9A26F64720F8F9B300610D76 /* Release */,
			);
			defaultConfigurationIsVisible = 0;
			defaultConfigurationName = Release;
		};
/* End XCConfigurationList section */
	};
	rootObject = 9A26F62B20F8F9B200610D76 /* Project object */;
}
